// !$*UTF8*$!
{
	archiveVersion = 1;
	classes = {
	};
	objectVersion = 56;
	objects = {

/* Begin PBXBuildFile section */
		AA0000000000000000000001 /* CabbageSignApp.swift in Sources */ = {isa = PBXBuildFile; fileRef = AA0000000000000000000101 /* CabbageSignApp.swift */; };
		AA0000000000000000000002 /* ContentView.swift in Sources */ = {isa = PBXBuildFile; fileRef = AA0000000000000000000102 /* ContentView.swift */; };
		AA0000000000000000000003 /* AppTheme.swift in Sources */ = {isa = PBXBuildFile; fileRef = AA0000000000000000000103 /* AppTheme.swift */; };
		AA0000000000000000000004 /* ThemeManager.swift in Sources */ = {isa = PBXBuildFile; fileRef = AA0000000000000000000104 /* ThemeManager.swift */; };
		AA0000000000000000000005 /* SignView.swift in Sources */ = {isa = PBXBuildFile; fileRef = AA0000000000000000000105 /* SignView.swift */; };
		AA0000000000000000000006 /* LibraryView.swift in Sources */ = {isa = PBXBuildFile; fileRef = AA0000000000000000000106 /* LibraryView.swift */; };
		AA0000000000000000000007 /* BrowseView.swift in Sources */ = {isa = PBXBuildFile; fileRef = AA0000000000000000000107 /* BrowseView.swift */; };
		AA0000000000000000000008 /* SettingsView.swift in Sources */ = {isa = PBXBuildFile; fileRef = AA0000000000000000000108 /* SettingsView.swift */; };
		AA0000000000000000000009 /* AppDetailView.swift in Sources */ = {isa = PBXBuildFile; fileRef = AA0000000000000000000109 /* AppDetailView.swift */; };
		AA000000000000000000000A /* AppSource.swift in Sources */ = {isa = PBXBuildFile; fileRef = AA000000000000000000010A /* AppSource.swift */; };
		AA000000000000000000000B /* AppEntry.swift in Sources */ = {isa = PBXBuildFile; fileRef = AA000000000000000000010B /* AppEntry.swift */; };
		AA000000000000000000000C /* SigningJob.swift in Sources */ = {isa = PBXBuildFile; fileRef = AA000000000000000000010C /* SigningJob.swift */; };
		AA000000000000000000000D /* GitHubActionsService.swift in Sources */ = {isa = PBXBuildFile; fileRef = AA000000000000000000010D /* GitHubActionsService.swift */; };
		AA000000000000000000000E /* SigningService.swift in Sources */ = {isa = PBXBuildFile; fileRef = AA000000000000000000010E /* SigningService.swift */; };
		AA000000000000000000000F /* SourceService.swift in Sources */ = {isa = PBXBuildFile; fileRef = AA000000000000000000010F /* SourceService.swift */; };
		AA0000000000000000000010 /* Assets.xcassets in Resources */ = {isa = PBXBuildFile; fileRef = AA0000000000000000000110 /* Assets.xcassets */; };
/* End PBXBuildFile section */

/* Begin PBXFileReference section */
		AA0000000000000000000100 /* CabbageSign.app */ = {isa = PBXFileReference; explicitFileType = wrapper.application; includeInIndex = 0; path = CabbageSign.app; sourceTree = BUILT_PRODUCTS_DIR; };
		AA0000000000000000000101 /* CabbageSignApp.swift */ = {isa = PBXFileReference; lastKnownFileType = sourcecode.swift; path = CabbageSignApp.swift; sourceTree = "<group>"; };
		AA0000000000000000000102 /* ContentView.swift */ = {isa = PBXFileReference; lastKnownFileType = sourcecode.swift; path = ContentView.swift; sourceTree = "<group>"; };
		AA0000000000000000000103 /* AppTheme.swift */ = {isa = PBXFileReference; lastKnownFileType = sourcecode.swift; path = AppTheme.swift; sourceTree = "<group>"; };
		AA0000000000000000000104 /* ThemeManager.swift */ = {isa = PBXFileReference; lastKnownFileType = sourcecode.swift; path = ThemeManager.swift; sourceTree = "<group>"; };
		AA0000000000000000000105 /* SignView.swift */ = {isa = PBXFileReference; lastKnownFileType = sourcecode.swift; path = SignView.swift; sourceTree = "<group>"; };
		AA0000000000000000000106 /* LibraryView.swift */ = {isa = PBXFileReference; lastKnownFileType = sourcecode.swift; path = LibraryView.swift; sourceTree = "<group>"; };
		AA0000000000000000000107 /* BrowseView.swift */ = {isa = PBXFileReference; lastKnownFileType = sourcecode.swift; path = BrowseView.swift; sourceTree = "<group>"; };
		AA0000000000000000000108 /* SettingsView.swift */ = {isa = PBXFileReference; lastKnownFileType = sourcecode.swift; path = SettingsView.swift; sourceTree = "<group>"; };
		AA0000000000000000000109 /* AppDetailView.swift */ = {isa = PBXFileReference; lastKnownFileType = sourcecode.swift; path = AppDetailView.swift; sourceTree = "<group>"; };
		AA000000000000000000010A /* AppSource.swift */ = {isa = PBXFileReference; lastKnownFileType = sourcecode.swift; path = AppSource.swift; sourceTree = "<group>"; };
		AA000000000000000000010B /* AppEntry.swift */ = {isa = PBXFileReference; lastKnownFileType = sourcecode.swift; path = AppEntry.swift; sourceTree = "<group>"; };
		AA000000000000000000010C /* SigningJob.swift */ = {isa = PBXFileReference; lastKnownFileType = sourcecode.swift; path = SigningJob.swift; sourceTree = "<group>"; };
		AA000000000000000000010D /* GitHubActionsService.swift */ = {isa = PBXFileReference; lastKnownFileType = sourcecode.swift; path = GitHubActionsService.swift; sourceTree = "<group>"; };
		AA000000000000000000010E /* SigningService.swift */ = {isa = PBXFileReference; lastKnownFileType = sourcecode.swift; path = SigningService.swift; sourceTree = "<group>"; };
		AA000000000000000000010F /* SourceService.swift */ = {isa = PBXFileReference; lastKnownFileType = sourcecode.swift; path = SourceService.swift; sourceTree = "<group>"; };
		AA0000000000000000000110 /* Assets.xcassets */ = {isa = PBXFileReference; lastKnownFileType = folder.assetcatalog; path = Assets.xcassets; sourceTree = "<group>"; };
		AA0000000000000000000111 /* Info.plist */ = {isa = PBXFileReference; lastKnownFileType = text.plist.xml; path = Info.plist; sourceTree = "<group>"; };
/* End PBXFileReference section */

/* Begin PBXFrameworksBuildPhase section */
		AA0000000000000000000200 /* Frameworks */ = {
			isa = PBXFrameworksBuildPhase;
			buildActionMask = 2147483647;
			files = (
			);
			runOnlyForDeploymentPostprocessing = 0;
		};
/* End PBXFrameworksBuildPhase section */

/* Begin PBXGroup section */
		AA0000000000000000000300 /* Products */ = {
			isa = PBXGroup;
			children = (
				AA0000000000000000000100 /* CabbageSign.app */,
			);
			name = Products;
			sourceTree = "<group>";
		};
		AA0000000000000000000301 /* CabbageSign */ = {
			isa = PBXGroup;
			children = (
				AA0000000000000000000101 /* CabbageSignApp.swift */,
				AA0000000000000000000102 /* ContentView.swift */,
				AA0000000000000000000302 /* Theme */,
				AA0000000000000000000303 /* Views */,
				AA0000000000000000000304 /* Models */,
				AA0000000000000000000305 /* Services */,
				AA0000000000000000000110 /* Assets.xcassets */,
				AA0000000000000000000111 /* Info.plist */,
			);
			path = CabbageSign;
			sourceTree = "<group>";
		};
		AA0000000000000000000302 /* Theme */ = {
			isa = PBXGroup;
			children = (
				AA0000000000000000000103 /* AppTheme.swift */,
				AA0000000000000000000104 /* ThemeManager.swift */,
			);
			path = Theme;
			sourceTree = "<group>";
		};
		AA0000000000000000000303 /* Views */ = {
			isa = PBXGroup;
			children = (
				AA0000000000000000000105 /* SignView.swift */,
				AA0000000000000000000106 /* LibraryView.swift */,
				AA0000000000000000000107 /* BrowseView.swift */,
				AA0000000000000000000108 /* SettingsView.swift */,
				AA0000000000000000000109 /* AppDetailView.swift */,
			);
			path = Views;
			sourceTree = "<group>";
		};
		AA0000000000000000000304 /* Models */ = {
			isa = PBXGroup;
			children = (
				AA000000000000000000010A /* AppSource.swift */,
				AA000000000000000000010B /* AppEntry.swift */,
				AA000000000000000000010C /* SigningJob.swift */,
			);
			path = Models;
			sourceTree = "<group>";
		};
		AA0000000000000000000305 /* Services */ = {
			isa = PBXGroup;
			children = (
				AA000000000000000000010D /* GitHubActionsService.swift */,
				AA000000000000000000010E /* SigningService.swift */,
				AA000000000000000000010F /* SourceService.swift */,
			);
			path = Services;
			sourceTree = "<group>";
		};
		AA0000000000000000000306 /* MainGroup */ = {
			isa = PBXGroup;
			children = (
				AA0000000000000000000301 /* CabbageSign */,
				AA0000000000000000000300 /* Products */,
			);
			sourceTree = "<group>";
		};
/* End PBXGroup section */

/* Begin PBXNativeTarget section */
		AA0000000000000000000400 /* CabbageSign */ = {
			isa = PBXNativeTarget;
			buildConfigurationList = AA0000000000000000000500 /* Build configuration list for PBXNativeTarget "CabbageSign" */;
			buildPhases = (
				AA0000000000000000000201 /* Sources */,
				AA0000000000000000000200 /* Frameworks */,
				AA0000000000000000000202 /* Resources */,
			);
			buildRules = (
			);
			dependencies = (
			);
			name = CabbageSign;
			productName = CabbageSign;
			productReference = AA0000000000000000000100 /* CabbageSign.app */;
			productType = "com.apple.product-type.application";
		};
/* End PBXNativeTarget section */

/* Begin PBXProject section */
		AA0000000000000000000600 /* Project object */ = {
			isa = PBXProject;
			attributes = {
				BuildIndependentTargetsInParallel = 1;
				LastUpgradeCheck = 1500;
				TargetAttributes = {
					AA0000000000000000000400 = {
						CreatedOnToolsVersion = 15.0;
					};
				};
			};
			buildConfigurationList = AA0000000000000000000501 /* Build configuration list for PBXProject "CabbageSign" */;
			compatibilityVersion = "Xcode 14.0";
			developmentRegion = en;
			hasScannedForEncodings = 0;
			knownRegions = (
				en,
				Base,
			);
			mainGroup = AA0000000000000000000306 /* MainGroup */;
			productRefGroup = AA0000000000000000000300 /* Products */;
			projectDirPath = "";
			projectRoot = "";
			targets = (
				AA0000000000000000000400 /* CabbageSign */,
			);
		};
/* End PBXProject section */

/* Begin PBXResourcesBuildPhase section */
		AA0000000000000000000202 /* Resources */ = {
			isa = PBXResourcesBuildPhase;
			buildActionMask = 2147483647;
			files = (
				AA0000000000000000000010 /* Assets.xcassets in Resources */,
			);
			runOnlyForDeploymentPostprocessing = 0;
		};
/* End PBXResourcesBuildPhase section */

/* Begin PBXSourcesBuildPhase section */
		AA0000000000000000000201 /* Sources */ = {
			isa = PBXSourcesBuildPhase;
			buildActionMask = 2147483647;
			files = (
				AA0000000000000000000001 /* CabbageSignApp.swift in Sources */,
				AA0000000000000000000002 /* ContentView.swift in Sources */,
				AA0000000000000000000003 /* AppTheme.swift in Sources */,
				AA0000000000000000000004 /* ThemeManager.swift in Sources */,
				AA0000000000000000000005 /* SignView.swift in Sources */,
				AA0000000000000000000006 /* LibraryView.swift in Sources */,
				AA0000000000000000000007 /* BrowseView.swift in Sources */,
				AA0000000000000000000008 /* SettingsView.swift in Sources */,
				AA0000000000000000000009 /* AppDetailView.swift in Sources */,
				AA000000000000000000000A /* AppSource.swift in Sources */,
				AA000000000000000000000B /* AppEntry.swift in Sources */,
				AA000000000000000000000C /* SigningJob.swift in Sources */,
				AA000000000000000000000D /* GitHubActionsService.swift in Sources */,
				AA000000000000000000000E /* SigningService.swift in Sources */,
				AA000000000000000000000F /* SourceService.swift in Sources */,
			);
			runOnlyForDeploymentPostprocessing = 0;
		};
/* End PBXSourcesBuildPhase section */

/* Begin XCBuildConfiguration section */
		AA0000000000000000000700 /* Debug */ = {
			isa = XCBuildConfiguration;
			buildSettings = {
				ALWAYS_SEARCH_USER_PATHS = NO;
				ASSETCATALOG_COMPILER_GENERATE_SWIFT_ASSET_SYMBOL_EXTENSIONS = YES;
				CLANG_ANALYZER_NONNULL = YES;
				CLANG_ANALYZER_NUMBER_OBJECT_CONVERSION = YES_AGGRESSIVE;
				CLANG_CXX_LANGUAGE_STANDARD = "gnu++20";
				CLANG_ENABLE_MODULES = YES;
				CLANG_ENABLE_OBJC_ARC = YES;
				CLANG_ENABLE_OBJC_WEAK = YES;
				CLANG_WARN_BLOCK_CAPTURE_AUTORELEASING = YES;
				CLANG_WARN_BOOL_CONVERSION = YES;
				CLANG_WARN_COMMA = YES;
				CLANG_WARN_CONSTANT_CONVERSION = YES;
				CLANG_WARN_DEPRECATED_OBJC_IMPLEMENTATIONS = YES;
				CLANG_WARN_DIRECT_OBJC_ISA_USAGE = YES_ERROR;
				CLANG_WARN_DOCUMENTATION_COMMENTS = YES;
				CLANG_WARN_EMPTY_BODY = YES;
				CLANG_WARN_ENUM_CONVERSION = YES;
				CLANG_WARN_INFINITE_RECURSION = YES;
				CLANG_WARN_INT_CONVERSION = YES;
				CLANG_WARN_NON_LITERAL_NULL_CONVERSION = YES;
				CLANG_WARN_OBJC_IMPLICIT_RETAIN_SELF = YES;
				CLANG_WARN_OBJC_LITERAL_CONVERSION = YES;
				CLANG_WARN_OBJC_ROOT_CLASS = YES_ERROR;
				CLANG_WARN_QUOTED_INCLUDE_IN_FRAMEWORK_HEADER = YES;
				CLANG_WARN_RANGE_LOOP_ANALYSIS = YES;
				CLANG_WARN_STRICT_PROTOTYPES = YES;
				CLANG_WARN_SUSPICIOUS_MOVE = YES;
				CLANG_WARN_UNGUARDED_AVAILABILITY = YES_AGGRESSIVE;
				CLANG_WARN_UNREACHABLE_CODE = YES;
				CLANG_WARN__DUPLICATE_METHOD_MATCH = YES;
				COPY_PHASE_STRIP = NO;
				DEBUG_INFORMATION_FORMAT = dwarf;
				ENABLE_STRICT_OBJC_MSGSEND = YES;
				ENABLE_TESTABILITY = YES;
				ENABLE_USER_SCRIPT_SANDBOXING = YES;
				GCC_C_LANGUAGE_STANDARD = gnu17;
				GCC_DYNAMIC_NO_PIC = NO;
				GCC_NO_COMMON_BLOCKS = YES;
				GCC_OPTIMIZATION_LEVEL = 0;
				GCC_PREPROCESSOR_DEFINITIONS = (
					"DEBUG=1",
					"$(inherited)",
				);
				GCC_WARN_64_TO_32_BIT_CONVERSION = YES;
				GCC_WARN_ABOUT_RETURN_TYPE = YES_ERROR;
				GCC_WARN_UNDECLARED_SELECTOR = YES;
				GCC_WARN_UNINITIALIZED_AUTOS = YES_AGGRESSIVE;
				GCC_WARN_UNUSED_FUNCTION = YES;
				GCC_WARN_UNUSED_VARIABLE = YES;
				IPHONEOS_DEPLOYMENT_TARGET = 16.0;
				MTL_ENABLE_DEBUG_INFO = INCLUDE_SOURCE;
				MTL_FAST_MATH = YES;
				ONLY_ACTIVE_ARCH = YES;
				SDKROOT = iphoneos;
				SWIFT_ACTIVE_COMPILATION_CONDITIONS = DEBUG;
				SWIFT_OPTIMIZATION_LEVEL = "-Onone";
			};
			name = Debug;
		};
		AA0000000000000000000701 /* Release */ = {
			isa = XCBuildConfiguration;
			buildSettings = {
				ALWAYS_SEARCH_USER_PATHS = NO;
				ASSETCATALOG_COMPILER_GENERATE_SWIFT_ASSET_SYMBOL_EXTENSIONS = YES;
				CLANG_ANALYZER_NONNULL = YES;
				CLANG_ANALYZER_NUMBER_OBJECT_CONVERSION = YES_AGGRESSIVE;
				CLANG_CXX_LANGUAGE_STANDARD = "gnu++20";
				CLANG_ENABLE_MODULES = YES;
				CLANG_ENABLE_OBJC_ARC = YES;
				CLANG_ENABLE_OBJC_WEAK = YES;
				CLANG_WARN_BLOCK_CAPTURE_AUTORELEASING = YES;
				CLANG_WARN_BOOL_CONVERSION = YES;
				CLANG_WARN_COMMA = YES;
				CLANG_WARN_CONSTANT_CONVERSION = YES;
				CLANG_WARN_DEPRECATED_OBJC_IMPLEMENTATIONS = YES;
				CLANG_WARN_DIRECT_OBJC_ISA_USAGE = YES_ERROR;
				CLANG_WARN_DOCUMENTATION_COMMENTS = YES;
				CLANG_WARN_EMPTY_BODY = YES;
				CLANG_WARN_ENUM_CONVERSION = YES;
				CLANG_WARN_INFINITE_RECURSION = YES;
				CLANG_WARN_INT_CONVERSION = YES;
				CLANG_WARN_NON_LITERAL_NULL_CONVERSION = YES;
				CLANG_WARN_OBJC_IMPLICIT_RETAIN_SELF = YES;
				CLANG_WARN_OBJC_LITERAL_CONVERSION = YES;
				CLANG_WARN_OBJC_ROOT_CLASS = YES_ERROR;
				CLANG_WARN_QUOTED_INCLUDE_IN_FRAMEWORK_HEADER = YES;
				CLANG_WARN_RANGE_LOOP_ANALYSIS = YES;
				CLANG_WARN_STRICT_PROTOTYPES = YES;
				CLANG_WARN_SUSPICIOUS_MOVE = YES;
				CLANG_WARN_UNGUARDED_AVAILABILITY = YES_AGGRESSIVE;
				CLANG_WARN_UNREACHABLE_CODE = YES;
				CLANG_WARN__DUPLICATE_METHOD_MATCH = YES;
				COPY_PHASE_STRIP = NO;
				DEBUG_INFORMATION_FORMAT = "dwarf-with-dsym";
				ENABLE_NS_ASSERTIONS = NO;
				ENABLE_STRICT_OBJC_MSGSEND = YES;
				ENABLE_USER_SCRIPT_SANDBOXING = YES;
				GCC_C_LANGUAGE_STANDARD = gnu17;
				GCC_NO_COMMON_BLOCKS = YES;
				GCC_WARN_64_TO_32_BIT_CONVERSION = YES;
				GCC_WARN_ABOUT_RETURN_TYPE = YES_ERROR;
				GCC_WARN_UNDECLARED_SELECTOR = YES;
				GCC_WARN_UNINITIALIZED_AUTOS = YES_AGGRESSIVE;
				GCC_WARN_UNUSED_FUNCTION = YES;
				GCC_WARN_UNUSED_VARIABLE = YES;
				IPHONEOS_DEPLOYMENT_TARGET = 16.0;
				MTL_FAST_MATH = YES;
				SDKROOT = iphoneos;
				SWIFT_COMPILATION_MODE = wholemodule;
				SWIFT_OPTIMIZATION_LEVEL = "-O";
				VALIDATE_PRODUCT = YES;
			};
			name = Release;
		};
		AA0000000000000000000702 /* Debug */ = {
			isa = XCBuildConfiguration;
			buildSettings = {
				ASSETCATALOG_COMPILER_APPICON_NAME = AppIcon;
				ASSETCATALOG_COMPILER_GLOBAL_ACCENT_COLOR_NAME = AccentColor;
				CODE_SIGN_STYLE = Automatic;
				CURRENT_PROJECT_VERSION = 1;
				DEVELOPMENT_ASSET_PATHS = "";
				ENABLE_PREVIEWS = YES;
				GENERATE_INFOPLIST_FILE = NO;
				INFOPLIST_FILE = CabbageSign/Info.plist;
				IPHONEOS_DEPLOYMENT_TARGET = 16.0;
				LD_RUNPATH_SEARCH_PATHS = (
					"$(inherited)",
					"@executable_path/Frameworks",
				);
				MARKETING_VERSION = 1.0;
				PRODUCT_BUNDLE_IDENTIFIER = com.cabbagesign.app;
				PRODUCT_NAME = "$(TARGET_NAME)";
				SWIFT_EMIT_LOC_STRINGS = YES;
				SWIFT_VERSION = 5.0;
				TARGETED_DEVICE_FAMILY = "1,2";
			};
			name = Debug;
		};
		AA0000000000000000000703 /* Release */ = {
			isa = XCBuildConfiguration;
			buildSettings = {
				ASSETCATALOG_COMPILER_APPICON_NAME = AppIcon;
				ASSETCATALOG_COMPILER_GLOBAL_ACCENT_COLOR_NAME = AccentColor;
				CODE_SIGN_STYLE = Automatic;
				CURRENT_PROJECT_VERSION = 1;
				DEVELOPMENT_ASSET_PATHS = "";
				ENABLE_PREVIEWS = YES;
				GENERATE_INFOPLIST_FILE = NO;
				INFOPLIST_FILE = CabbageSign/Info.plist;
				IPHONEOS_DEPLOYMENT_TARGET = 16.0;
				LD_RUNPATH_SEARCH_PATHS = (
					"$(inherited)",
					"@executable_path/Frameworks",
				);
				MARKETING_VERSION = 1.0;
				PRODUCT_BUNDLE_IDENTIFIER = com.cabbagesign.app;
				PRODUCT_NAME = "$(TARGET_NAME)";
				SWIFT_EMIT_LOC_STRINGS = YES;
				SWIFT_VERSION = 5.0;
				TARGETED_DEVICE_FAMILY = "1,2";
			};
			name = Release;
		};
/* End XCBuildConfiguration section */

/* Begin XCConfigurationList section */
		AA0000000000000000000500 /* Build configuration list for PBXNativeTarget "CabbageSign" */ = {
			isa = XCConfigurationList;
			buildConfigurations = (
				AA0000000000000000000702 /* Debug */,
				AA0000000000000000000703 /* Release */,
			);
			defaultConfigurationIsVisible = 0;
			defaultConfigurationName = Release;
		};
		AA0000000000000000000501 /* Build configuration list for PBXProject "CabbageSign" */ = {
			isa = XCConfigurationList;
			buildConfigurations = (
				AA0000000000000000000700 /* Debug */,
				AA0000000000000000000701 /* Release */,
			);
			defaultConfigurationIsVisible = 0;
			defaultConfigurationName = Release;
		};
/* End XCConfigurationList section */

	};
	rootObject = AA0000000000000000000600 /* Project object */;
}
